
Microsoft Visual Studio Solution File, Format Version 12.00
# Visual Studio Version 17
VisualStudioVersion = 17.2.32616.157
MinimumVisualStudioVersion = 10.0.40219.1
Project("{FAE04EC0-301F-11D3-BF4B-00C04F79EFBC}") = "TryToCreateAnASCIIImage", "TryToCreateAnASCIIImage\TryToCreateAnASCIIImage.csproj", "{EE3C7762-B4D5-4FCA-BCD2-C98B123DDDF3}"
EndProject
Global
	GlobalSection(SolutionConfigurationPlatforms) = preSolution
		Debug|Any CPU = Debug|Any CPU
		Release|Any CPU = Release|Any CPU
	EndGlobalSection
	GlobalSection(ProjectConfigurationPlatforms) = postSolution
		{EE3C7762-B4D5-4FCA-BCD2-C98B123DDDF3}.Debug|Any CPU.ActiveCfg = Debug|Any CPU
		{EE3C7762-B4D5-4FCA-BCD2-C98B123DDDF3}.Debug|Any CPU.Build.0 = Debug|Any CPU
		{EE3C7762-B4D5-4FCA-BCD2-C98B123DDDF3}.Release|Any CPU.ActiveCfg = Release|Any CPU
		{EE3C7762-B4D5-4FCA-BCD2-C98B123DDDF3}.Release|Any CPU.Build.0 = Release|Any CPU
	EndGlobalSection
	GlobalSection(SolutionProperties) = preSolution
		HideSolutionNode = FALSE
	EndGlobalSection
	GlobalSection(ExtensibilityGlobals) = postSolution
		SolutionGuid = {61C5E76F-9129-4817-ABB3-5D268C94107E}
	EndGlobalSection
EndGlobal
